
Microsoft Visual Studio Solution File, Format Version 12.00
# Visual Studio Version 16
VisualStudioVersion = 16.0.30204.135
MinimumVisualStudioVersion = 10.0.40219.1
Project("{FAE04EC0-301F-11D3-BF4B-00C04F79EFBC}") = "WebAppDOT4", "WebAppDOT4\WebAppDOT4.csproj", "{5C817225-5848-46CF-9FC6-251CA531D102}"
EndProject
Global
	GlobalSection(SolutionConfigurationPlatforms) = preSolution
		Debug|Any CPU = Debug|Any CPU
		Release|Any CPU = Release|Any CPU
	EndGlobalSection
	GlobalSection(ProjectConfigurationPlatforms) = postSolution
		{5C817225-5848-46CF-9FC6-251CA531D102}.Debug|Any CPU.ActiveCfg = Debug|Any CPU
		{5C817225-5848-46CF-9FC6-251CA531D102}.Debug|Any CPU.Build.0 = Debug|Any CPU
		{5C817225-5848-46CF-9FC6-251CA531D102}.Release|Any CPU.ActiveCfg = Release|Any CPU
		{5C817225-5848-46CF-9FC6-251CA531D102}.Release|Any CPU.Build.0 = Release|Any CPU
	EndGlobalSection
	GlobalSection(SolutionProperties) = preSolution
		HideSolutionNode = FALSE
	EndGlobalSection
	GlobalSection(ExtensibilityGlobals) = postSolution
		SolutionGuid = {811AA815-1A7F-4ECA-974A-6D0853D5D61F}
	EndGlobalSection
EndGlobal
